{
  "name": "example",
  "lockfileVersion": 3,
  "requires": true,
  "packages": {
    "": {
      "name": "example",
      "dependencies": {
        "baojs": "^0.2.1",
        "png-to-ico": "^2.1.8",
        "serve-static-bun": "^0.5.3"
      },
      "devDependencies": {
        "bun-types": "latest"
      },
      "peerDependencies": {
        "typescript": "^5.0.0"
      }
    },
    "node_modules/@types/node": {
      "version": "17.0.45",
      "resolved": "https://registry.npmjs.org/@types/node/-/node-17.0.45.tgz",
      "integrity": "sha512-w+tIMs3rq2afQdsPJlODhoUEKzFP1ayaoyl1CcnwtIlsVe7K7bA1NGm4s3PraqTLlXnbIN84zuBlxBWo1u9BLw=="
    },
    "node_modules/baojs": {
      "version": "0.2.1",
      "resolved": "https://registry.npmjs.org/baojs/-/baojs-0.2.1.tgz",
      "integrity": "sha512-mKloMR8bjd2NNtAPAFtIpHAMVunAz/m9sVEFx3fRwcUwKaq/cSWLHieoZvXOfcYn5uluG4E9EO/MsLBvXJLVqA==",
      "dependencies": {
        "bun-types": "^0.2.2"
      }
    },
    "node_modules/baojs/node_modules/bun-types": {
      "version": "0.2.2",
      "resolved": "https://registry.npmjs.org/bun-types/-/bun-types-0.2.2.tgz",
      "integrity": "sha512-/1IPC/PPWvV39I7uulBcWHL0Xpi1BqvwF34R/2gRwt0/l5MJB1gt15GLwLP33d59EnkOdRYibImuCg0l/9BRng=="
    },
    "node_modules/bun-types": {
      "version": "1.0.2",
      "resolved": "https://registry.npmjs.org/bun-types/-/bun-types-1.0.2.tgz",
      "integrity": "sha512-yqBp2SX9cqr5/GReb56uCfM+YP+Hntx3XPjbqX1VJXqOBu+Yqw8iWRFLKFIsz9uEfykLgflhramQ8a5Jgo+Tlg==",
      "dev": true
    },
    "node_modules/minimist": {
      "version": "1.2.8",
      "resolved": "https://registry.npmjs.org/minimist/-/minimist-1.2.8.tgz",
      "integrity": "sha512-2yyAR8qBkN3YuheJanUpWC5U3bb5osDywNB8RzDVlDwDHbocAJveqqj1u8+SVD7jkWT4yvsHCpWqqWqAxb0zCA==",
      "funding": {
        "url": "https://github.com/sponsors/ljharb"
      }
    },
    "node_modules/png-to-ico": {
      "version": "2.1.8",
      "resolved": "https://registry.npmjs.org/png-to-ico/-/png-to-ico-2.1.8.tgz",
      "integrity": "sha512-Nf+IIn/cZ/DIZVdGveJp86NG5uNib1ZXMiDd/8x32HCTeKSvgpyg6D/6tUBn1QO/zybzoMK0/mc3QRgAyXdv9w==",
      "dependencies": {
        "@types/node": "^17.0.36",
        "minimist": "^1.2.6",
        "pngjs": "^6.0.0"
      },
      "bin": {
        "png-to-ico": "bin/cli.js"
      },
      "engines": {
        "node": ">=8"
      }
    },
    "node_modules/pngjs": {
      "version": "6.0.0",
      "resolved": "https://registry.npmjs.org/pngjs/-/pngjs-6.0.0.tgz",
      "integrity": "sha512-TRzzuFRRmEoSW/p1KVAmiOgPco2Irlah+bGFCeNfJXxxYGwSw7YwAOAcd7X28K/m5bjBWKsC29KyoMfHbypayg==",
      "engines": {
        "node": ">=12.13.0"
      }
    },
    "node_modules/serve-static-bun": {
      "version": "0.5.3",
      "resolved": "https://registry.npmjs.org/serve-static-bun/-/serve-static-bun-0.5.3.tgz",
      "integrity": "sha512-QlfA/Z30MwZl4XXWM9KevfinJRJjzJMRK8sXABbaY06Y7KTuXtbT1n0e8qdf1PgM59mpgSh/JTUM9Jjsh0E58Q==",
      "funding": [
        "https://github.com/sponsors/jakobbouchard"
      ]
    },
    "node_modules/typescript": {
      "version": "5.2.2",
      "resolved": "https://registry.npmjs.org/typescript/-/typescript-5.2.2.tgz",
      "integrity": "sha512-mI4WrpHsbCIcwT9cF4FZvr80QUeKvsUsUvKDoR+X/7XHQH98xYD8YHZg7ANtz2GtZt/CBq2QJ0thkGJMHfqc1w==",
      "peer": true,
      "bin": {
        "tsc": "bin/tsc",
        "tsserver": "bin/tsserver"
      },
      "engines": {
        "node": ">=14.17"
      }
    }
  }
}
